
Microsoft Visual Studio Solution File, Format Version 12.00
# Visual Studio Version 16
VisualStudioVersion = 16.0.29519.181
MinimumVisualStudioVersion = 15.0.26124.0
Project("{9A19103F-16F7-4668-BE54-9A1E7A4F7556}") = "OppJar.Core", "OppJar.Core\OppJar.Core.csproj", "{7336BF1E-7B68-4C3A-A1AA-04141470CFD7}"
EndProject
Project("{9A19103F-16F7-4668-BE54-9A1E7A4F7556}") = "OppJar.WebApi", "OppJar.WebApi\OppJar.WebApi.csproj", "{9A8F0AD3-E4EF-445D-98E4-6A662110EE6B}"
EndProject
Project("{9A19103F-16F7-4668-BE54-9A1E7A4F7556}") = "OppJar.Web", "OppJar.Web\OppJar.Web.csproj", "{A16EE060-0F5E-4270-A241-A5F53A9217ED}"
EndProject
Project("{9A19103F-16F7-4668-BE54-9A1E7A4F7556}") = "OppJar.Mongo", "OppJar.Mongo\OppJar.Mongo.csproj", "{3D18B60D-1433-405F-9290-E8CF1879C184}"
EndProject
Project("{9A19103F-16F7-4668-BE54-9A1E7A4F7556}") = "OppJar.Domain", "OppJar.Domain\OppJar.Domain.csproj", "{A3A596F4-2F75-439B-A023-6AB5A6509514}"
EndProject
Project("{9A19103F-16F7-4668-BE54-9A1E7A4F7556}") = "OppJar.Dto", "OppJar.Dto\OppJar.Dto.csproj", "{6BF50227-CA07-4AE7-B133-9EE612A76FCF}"
EndProject
Project("{9A19103F-16F7-4668-BE54-9A1E7A4F7556}") = "OppJar.Common", "OppJar.Common\OppJar.Common.csproj", "{1E67D708-86FC-40E9-8484-10498CB12A9B}"
EndProject
Project("{9A19103F-16F7-4668-BE54-9A1E7A4F7556}") = "OppJar.AutoMapper", "OppJar.AutoMapper\OppJar.AutoMapper.csproj", "{8677A44B-B996-4144-8339-2CB79A930A79}"
EndProject
Global
	GlobalSection(SolutionConfigurationPlatforms) = preSolution
		Debug|Any CPU = Debug|Any CPU
		Debug|x64 = Debug|x64
		Debug|x86 = Debug|x86
		Release|Any CPU = Release|Any CPU
		Release|x64 = Release|x64
		Release|x86 = Release|x86
	EndGlobalSection
	GlobalSection(ProjectConfigurationPlatforms) = postSolution
		{7336BF1E-7B68-4C3A-A1AA-04141470CFD7}.Debug|Any CPU.ActiveCfg = Debug|Any CPU
		{7336BF1E-7B68-4C3A-A1AA-04141470CFD7}.Debug|Any CPU.Build.0 = Debug|Any CPU
		{7336BF1E-7B68-4C3A-A1AA-04141470CFD7}.Debug|x64.ActiveCfg = Debug|Any CPU
		{7336BF1E-7B68-4C3A-A1AA-04141470CFD7}.Debug|x64.Build.0 = Debug|Any CPU
		{7336BF1E-7B68-4C3A-A1AA-04141470CFD7}.Debug|x86.ActiveCfg = Debug|Any CPU
		{7336BF1E-7B68-4C3A-A1AA-04141470CFD7}.Debug|x86.Build.0 = Debug|Any CPU
		{7336BF1E-7B68-4C3A-A1AA-04141470CFD7}.Release|Any CPU.ActiveCfg = Release|Any CPU
		{7336BF1E-7B68-4C3A-A1AA-04141470CFD7}.Release|Any CPU.Build.0 = Release|Any CPU
		{7336BF1E-7B68-4C3A-A1AA-04141470CFD7}.Release|x64.ActiveCfg = Release|Any CPU
		{7336BF1E-7B68-4C3A-A1AA-04141470CFD7}.Release|x64.Build.0 = Release|Any CPU
		{7336BF1E-7B68-4C3A-A1AA-04141470CFD7}.Release|x86.ActiveCfg = Release|Any CPU
		{7336BF1E-7B68-4C3A-A1AA-04141470CFD7}.Release|x86.Build.0 = Release|Any CPU
		{9A8F0AD3-E4EF-445D-98E4-6A662110EE6B}.Debug|Any CPU.ActiveCfg = Debug|Any CPU
		{9A8F0AD3-E4EF-445D-98E4-6A662110EE6B}.Debug|Any CPU.Build.0 = Debug|Any CPU
		{9A8F0AD3-E4EF-445D-98E4-6A662110EE6B}.Debug|x64.ActiveCfg = Debug|Any CPU
		{9A8F0AD3-E4EF-445D-98E4-6A662110EE6B}.Debug|x64.Build.0 = Debug|Any CPU
		{9A8F0AD3-E4EF-445D-98E4-6A662110EE6B}.Debug|x86.ActiveCfg = Debug|Any CPU
		{9A8F0AD3-E4EF-445D-98E4-6A662110EE6B}.Debug|x86.Build.0 = Debug|Any CPU
		{9A8F0AD3-E4EF-445D-98E4-6A662110EE6B}.Release|Any CPU.ActiveCfg = Release|Any CPU
		{9A8F0AD3-E4EF-445D-98E4-6A662110EE6B}.Release|Any CPU.Build.0 = Release|Any CPU
		{9A8F0AD3-E4EF-445D-98E4-6A662110EE6B}.Release|x64.ActiveCfg = Release|Any CPU
		{9A8F0AD3-E4EF-445D-98E4-6A662110EE6B}.Release|x64.Build.0 = Release|Any CPU
		{9A8F0AD3-E4EF-445D-98E4-6A662110EE6B}.Release|x86.ActiveCfg = Release|Any CPU
		{9A8F0AD3-E4EF-445D-98E4-6A662110EE6B}.Release|x86.Build.0 = Release|Any CPU
		{A16EE060-0F5E-4270-A241-A5F53A9217ED}.Debug|Any CPU.ActiveCfg = Debug|Any CPU
		{A16EE060-0F5E-4270-A241-A5F53A9217ED}.Debug|Any CPU.Build.0 = Debug|Any CPU
		{A16EE060-0F5E-4270-A241-A5F53A9217ED}.Debug|x64.ActiveCfg = Debug|Any CPU
		{A16EE060-0F5E-4270-A241-A5F53A9217ED}.Debug|x64.Build.0 = Debug|Any CPU
		{A16EE060-0F5E-4270-A241-A5F53A9217ED}.Debug|x86.ActiveCfg = Debug|Any CPU
		{A16EE060-0F5E-4270-A241-A5F53A9217ED}.Debug|x86.Build.0 = Debug|Any CPU
		{A16EE060-0F5E-4270-A241-A5F53A9217ED}.Release|Any CPU.ActiveCfg = Release|Any CPU
		{A16EE060-0F5E-4270-A241-A5F53A9217ED}.Release|Any CPU.Build.0 = Release|Any CPU
		{A16EE060-0F5E-4270-A241-A5F53A9217ED}.Release|x64.ActiveCfg = Release|Any CPU
		{A16EE060-0F5E-4270-A241-A5F53A9217ED}.Release|x64.Build.0 = Release|Any CPU
		{A16EE060-0F5E-4270-A241-A5F53A9217ED}.Release|x86.ActiveCfg = Release|Any CPU
		{A16EE060-0F5E-4270-A241-A5F53A9217ED}.Release|x86.Build.0 = Release|Any CPU
		{3D18B60D-1433-405F-9290-E8CF1879C184}.Debug|Any CPU.ActiveCfg = Debug|Any CPU
		{3D18B60D-1433-405F-9290-E8CF1879C184}.Debug|Any CPU.Build.0 = Debug|Any CPU
		{3D18B60D-1433-405F-9290-E8CF1879C184}.Debug|x64.ActiveCfg = Debug|Any CPU
		{3D18B60D-1433-405F-9290-E8CF1879C184}.Debug|x64.Build.0 = Debug|Any CPU
		{3D18B60D-1433-405F-9290-E8CF1879C184}.Debug|x86.ActiveCfg = Debug|Any CPU
		{3D18B60D-1433-405F-9290-E8CF1879C184}.Debug|x86.Build.0 = Debug|Any CPU
		{3D18B60D-1433-405F-9290-E8CF1879C184}.Release|Any CPU.ActiveCfg = Release|Any CPU
		{3D18B60D-1433-405F-9290-E8CF1879C184}.Release|Any CPU.Build.0 = Release|Any CPU
		{3D18B60D-1433-405F-9290-E8CF1879C184}.Release|x64.ActiveCfg = Release|Any CPU
		{3D18B60D-1433-405F-9290-E8CF1879C184}.Release|x64.Build.0 = Release|Any CPU
		{3D18B60D-1433-405F-9290-E8CF1879C184}.Release|x86.ActiveCfg = Release|Any CPU
		{3D18B60D-1433-405F-9290-E8CF1879C184}.Release|x86.Build.0 = Release|Any CPU
		{A3A596F4-2F75-439B-A023-6AB5A6509514}.Debug|Any CPU.ActiveCfg = Debug|Any CPU
		{A3A596F4-2F75-439B-A023-6AB5A6509514}.Debug|Any CPU.Build.0 = Debug|Any CPU
		{A3A596F4-2F75-439B-A023-6AB5A6509514}.Debug|x64.ActiveCfg = Debug|Any CPU
		{A3A596F4-2F75-439B-A023-6AB5A6509514}.Debug|x64.Build.0 = Debug|Any CPU
		{A3A596F4-2F75-439B-A023-6AB5A6509514}.Debug|x86.ActiveCfg = Debug|Any CPU
		{A3A596F4-2F75-439B-A023-6AB5A6509514}.Debug|x86.Build.0 = Debug|Any CPU
		{A3A596F4-2F75-439B-A023-6AB5A6509514}.Release|Any CPU.ActiveCfg = Release|Any CPU
		{A3A596F4-2F75-439B-A023-6AB5A6509514}.Release|Any CPU.Build.0 = Release|Any CPU
		{A3A596F4-2F75-439B-A023-6AB5A6509514}.Release|x64.ActiveCfg = Release|Any CPU
		{A3A596F4-2F75-439B-A023-6AB5A6509514}.Release|x64.Build.0 = Release|Any CPU
		{A3A596F4-2F75-439B-A023-6AB5A6509514}.Release|x86.ActiveCfg = Release|Any CPU
		{A3A596F4-2F75-439B-A023-6AB5A6509514}.Release|x86.Build.0 = Release|Any CPU
		{6BF50227-CA07-4AE7-B133-9EE612A76FCF}.Debug|Any CPU.ActiveCfg = Debug|Any CPU
		{6BF50227-CA07-4AE7-B133-9EE612A76FCF}.Debug|Any CPU.Build.0 = Debug|Any CPU
		{6BF50227-CA07-4AE7-B133-9EE612A76FCF}.Debug|x64.ActiveCfg = Debug|Any CPU
		{6BF50227-CA07-4AE7-B133-9EE612A76FCF}.Debug|x64.Build.0 = Debug|Any CPU
		{6BF50227-CA07-4AE7-B133-9EE612A76FCF}.Debug|x86.ActiveCfg = Debug|Any CPU
		{6BF50227-CA07-4AE7-B133-9EE612A76FCF}.Debug|x86.Build.0 = Debug|Any CPU
		{6BF50227-CA07-4AE7-B133-9EE612A76FCF}.Release|Any CPU.ActiveCfg = Release|Any CPU
		{6BF50227-CA07-4AE7-B133-9EE612A76FCF}.Release|Any CPU.Build.0 = Release|Any CPU
		{6BF50227-CA07-4AE7-B133-9EE612A76FCF}.Release|x64.ActiveCfg = Release|Any CPU
		{6BF50227-CA07-4AE7-B133-9EE612A76FCF}.Release|x64.Build.0 = Release|Any CPU
		{6BF50227-CA07-4AE7-B133-9EE612A76FCF}.Release|x86.ActiveCfg = Release|Any CPU
		{6BF50227-CA07-4AE7-B133-9EE612A76FCF}.Release|x86.Build.0 = Release|Any CPU
		{1E67D708-86FC-40E9-8484-10498CB12A9B}.Debug|Any CPU.ActiveCfg = Debug|Any CPU
		{1E67D708-86FC-40E9-8484-10498CB12A9B}.Debug|Any CPU.Build.0 = Debug|Any CPU
		{1E67D708-86FC-40E9-8484-10498CB12A9B}.Debug|x64.ActiveCfg = Debug|Any CPU
		{1E67D708-86FC-40E9-8484-10498CB12A9B}.Debug|x64.Build.0 = Debug|Any CPU
		{1E67D708-86FC-40E9-8484-10498CB12A9B}.Debug|x86.ActiveCfg = Debug|Any CPU
		{1E67D708-86FC-40E9-8484-10498CB12A9B}.Debug|x86.Build.0 = Debug|Any CPU
		{1E67D708-86FC-40E9-8484-10498CB12A9B}.Release|Any CPU.ActiveCfg = Release|Any CPU
		{1E67D708-86FC-40E9-8484-10498CB12A9B}.Release|Any CPU.Build.0 = Release|Any CPU
		{1E67D708-86FC-40E9-8484-10498CB12A9B}.Release|x64.ActiveCfg = Release|Any CPU
		{1E67D708-86FC-40E9-8484-10498CB12A9B}.Release|x64.Build.0 = Release|Any CPU
		{1E67D708-86FC-40E9-8484-10498CB12A9B}.Release|x86.ActiveCfg = Release|Any CPU
		{1E67D708-86FC-40E9-8484-10498CB12A9B}.Release|x86.Build.0 = Release|Any CPU
		{8677A44B-B996-4144-8339-2CB79A930A79}.Debug|Any CPU.ActiveCfg = Debug|Any CPU
		{8677A44B-B996-4144-8339-2CB79A930A79}.Debug|Any CPU.Build.0 = Debug|Any CPU
		{8677A44B-B996-4144-8339-2CB79A930A79}.Debug|x64.ActiveCfg = Debug|Any CPU
		{8677A44B-B996-4144-8339-2CB79A930A79}.Debug|x64.Build.0 = Debug|Any CPU
		{8677A44B-B996-4144-8339-2CB79A930A79}.Debug|x86.ActiveCfg = Debug|Any CPU
		{8677A44B-B996-4144-8339-2CB79A930A79}.Debug|x86.Build.0 = Debug|Any CPU
		{8677A44B-B996-4144-8339-2CB79A930A79}.Release|Any CPU.ActiveCfg = Release|Any CPU
		{8677A44B-B996-4144-8339-2CB79A930A79}.Release|Any CPU.Build.0 = Release|Any CPU
		{8677A44B-B996-4144-8339-2CB79A930A79}.Release|x64.ActiveCfg = Release|Any CPU
		{8677A44B-B996-4144-8339-2CB79A930A79}.Release|x64.Build.0 = Release|Any CPU
		{8677A44B-B996-4144-8339-2CB79A930A79}.Release|x86.ActiveCfg = Release|Any CPU
		{8677A44B-B996-4144-8339-2CB79A930A79}.Release|x86.Build.0 = Release|Any CPU
	EndGlobalSection
	GlobalSection(SolutionProperties) = preSolution
		HideSolutionNode = FALSE
	EndGlobalSection
	GlobalSection(ExtensibilityGlobals) = postSolution
		SolutionGuid = {486345C2-CC81-49AE-97FF-4B54C42EB7D9}
	EndGlobalSection
EndGlobal
